
Microsoft Visual Studio Solution File, Format Version 12.00
# Visual Studio Version 16
VisualStudioVersion = 16.0.32228.343
MinimumVisualStudioVersion = 10.0.40219.1
Project("{9A19103F-16F7-4668-BE54-9A1E7A4F7556}") = "Backend", "Backend\Backend.csproj", "{B7BD9DA5-5AFE-4F14-92B6-AF59EE0B0BC7}"
EndProject
Project("{9A19103F-16F7-4668-BE54-9A1E7A4F7556}") = "Frontend", "Frontend\Frontend.csproj", "{0BF4480B-F8C4-43FE-A142-6C2DFC3A6A94}"
EndProject
Project("{FAE04EC0-301F-11D3-BF4B-00C04F79EFBC}") = "ClassLibrary", "ClassLibrary\ClassLibrary.csproj", "{9F989A28-D234-4223-84B9-1564F3A8F5B3}"
EndProject
Global
	GlobalSection(SolutionConfigurationPlatforms) = preSolution
		Debug|Any CPU = Debug|Any CPU
		Release|Any CPU = Release|Any CPU
	EndGlobalSection
	GlobalSection(ProjectConfigurationPlatforms) = postSolution
		{B7BD9DA5-5AFE-4F14-92B6-AF59EE0B0BC7}.Debug|Any CPU.ActiveCfg = Debug|Any CPU
		{B7BD9DA5-5AFE-4F14-92B6-AF59EE0B0BC7}.Debug|Any CPU.Build.0 = Debug|Any CPU
		{B7BD9DA5-5AFE-4F14-92B6-AF59EE0B0BC7}.Release|Any CPU.ActiveCfg = Release|Any CPU
		{B7BD9DA5-5AFE-4F14-92B6-AF59EE0B0BC7}.Release|Any CPU.Build.0 = Release|Any CPU
		{0BF4480B-F8C4-43FE-A142-6C2DFC3A6A94}.Debug|Any CPU.ActiveCfg = Debug|Any CPU
		{0BF4480B-F8C4-43FE-A142-6C2DFC3A6A94}.Debug|Any CPU.Build.0 = Debug|Any CPU
		{0BF4480B-F8C4-43FE-A142-6C2DFC3A6A94}.Release|Any CPU.ActiveCfg = Release|Any CPU
		{0BF4480B-F8C4-43FE-A142-6C2DFC3A6A94}.Release|Any CPU.Build.0 = Release|Any CPU
		{9F989A28-D234-4223-84B9-1564F3A8F5B3}.Debug|Any CPU.ActiveCfg = Debug|Any CPU
		{9F989A28-D234-4223-84B9-1564F3A8F5B3}.Debug|Any CPU.Build.0 = Debug|Any CPU
		{9F989A28-D234-4223-84B9-1564F3A8F5B3}.Release|Any CPU.ActiveCfg = Release|Any CPU
		{9F989A28-D234-4223-84B9-1564F3A8F5B3}.Release|Any CPU.Build.0 = Release|Any CPU
	EndGlobalSection
	GlobalSection(SolutionProperties) = preSolution
		HideSolutionNode = FALSE
	EndGlobalSection
	GlobalSection(ExtensibilityGlobals) = postSolution
		SolutionGuid = {D1AEA297-4226-4812-ACF4-33F424FE18D4}
	EndGlobalSection
EndGlobal
